
Microsoft Visual Studio Solution File, Format Version 12.00
# Visual Studio Version 17
VisualStudioVersion = 17.11.35222.181
MinimumVisualStudioVersion = 10.0.40219.1
Project("{9A19103F-16F7-4668-BE54-9A1E7A4F7556}") = "BlazorApp1", "BlazorApp1\BlazorApp1.csproj", "{1D4CCA89-24CD-4651-A063-74C69D074B1D}"
EndProject
Project("{9A19103F-16F7-4668-BE54-9A1E7A4F7556}") = "FrontEndWebAPI", "..\FrontEndWebAPI\FrontEndWebAPI.csproj", "{A86BD852-788A-4643-924B-2262B158DAB1}"
EndProject
Project("{9A19103F-16F7-4668-BE54-9A1E7A4F7556}") = "ExternalAPI_1", "..\ExternalAPI_1\ExternalAPI_1.csproj", "{D1AB8877-E39A-45C6-98C2-CB48C6793C61}"
EndProject
Project("{9A19103F-16F7-4668-BE54-9A1E7A4F7556}") = "ExternalAPI_2", "..\ExternalAPI_2\ExternalAPI_2.csproj", "{99C58228-A7A9-45BD-841B-E1F6F23A9A7A}"
EndProject
Project("{2150E333-8FDC-42A3-9474-1A3956D46DE8}") = "Tests", "Tests", "{AC5B0CAD-96C9-445D-BF7C-1A15B4A3F527}"
EndProject
Project("{9A19103F-16F7-4668-BE54-9A1E7A4F7556}") = "FrontEndWebAPI.UnitTests", "..\FrontEndWebAPI.UnitTests\FrontEndWebAPI.UnitTests.csproj", "{EA627703-5FB1-44FD-A862-8FECBFD929D2}"
EndProject
Project("{9A19103F-16F7-4668-BE54-9A1E7A4F7556}") = "FrontEndApi.Models", "..\FrontEndApi.Models\FrontEndApi.Models.csproj", "{D92ED642-41A5-4909-A229-6EC52417BB6B}"
EndProject
Project("{9A19103F-16F7-4668-BE54-9A1E7A4F7556}") = "BlazorServerAppDemo", "..\BlazorServerAppDemo\BlazorServerAppDemo.csproj", "{2A446826-7FCB-4D05-B92B-7999423B9DAE}"
EndProject
Global
	GlobalSection(SolutionConfigurationPlatforms) = preSolution
		Debug|Any CPU = Debug|Any CPU
		Release|Any CPU = Release|Any CPU
	EndGlobalSection
	GlobalSection(ProjectConfigurationPlatforms) = postSolution
		{1D4CCA89-24CD-4651-A063-74C69D074B1D}.Debug|Any CPU.ActiveCfg = Debug|Any CPU
		{1D4CCA89-24CD-4651-A063-74C69D074B1D}.Debug|Any CPU.Build.0 = Debug|Any CPU
		{1D4CCA89-24CD-4651-A063-74C69D074B1D}.Release|Any CPU.ActiveCfg = Release|Any CPU
		{1D4CCA89-24CD-4651-A063-74C69D074B1D}.Release|Any CPU.Build.0 = Release|Any CPU
		{A86BD852-788A-4643-924B-2262B158DAB1}.Debug|Any CPU.ActiveCfg = Debug|Any CPU
		{A86BD852-788A-4643-924B-2262B158DAB1}.Debug|Any CPU.Build.0 = Debug|Any CPU
		{A86BD852-788A-4643-924B-2262B158DAB1}.Release|Any CPU.ActiveCfg = Release|Any CPU
		{A86BD852-788A-4643-924B-2262B158DAB1}.Release|Any CPU.Build.0 = Release|Any CPU
		{D1AB8877-E39A-45C6-98C2-CB48C6793C61}.Debug|Any CPU.ActiveCfg = Debug|Any CPU
		{D1AB8877-E39A-45C6-98C2-CB48C6793C61}.Debug|Any CPU.Build.0 = Debug|Any CPU
		{D1AB8877-E39A-45C6-98C2-CB48C6793C61}.Release|Any CPU.ActiveCfg = Release|Any CPU
		{D1AB8877-E39A-45C6-98C2-CB48C6793C61}.Release|Any CPU.Build.0 = Release|Any CPU
		{99C58228-A7A9-45BD-841B-E1F6F23A9A7A}.Debug|Any CPU.ActiveCfg = Debug|Any CPU
		{99C58228-A7A9-45BD-841B-E1F6F23A9A7A}.Debug|Any CPU.Build.0 = Debug|Any CPU
		{99C58228-A7A9-45BD-841B-E1F6F23A9A7A}.Release|Any CPU.ActiveCfg = Release|Any CPU
		{99C58228-A7A9-45BD-841B-E1F6F23A9A7A}.Release|Any CPU.Build.0 = Release|Any CPU
		{EA627703-5FB1-44FD-A862-8FECBFD929D2}.Debug|Any CPU.ActiveCfg = Debug|Any CPU
		{EA627703-5FB1-44FD-A862-8FECBFD929D2}.Debug|Any CPU.Build.0 = Debug|Any CPU
		{EA627703-5FB1-44FD-A862-8FECBFD929D2}.Release|Any CPU.ActiveCfg = Release|Any CPU
		{EA627703-5FB1-44FD-A862-8FECBFD929D2}.Release|Any CPU.Build.0 = Release|Any CPU
		{D92ED642-41A5-4909-A229-6EC52417BB6B}.Debug|Any CPU.ActiveCfg = Debug|Any CPU
		{D92ED642-41A5-4909-A229-6EC52417BB6B}.Debug|Any CPU.Build.0 = Debug|Any CPU
		{D92ED642-41A5-4909-A229-6EC52417BB6B}.Release|Any CPU.ActiveCfg = Release|Any CPU
		{D92ED642-41A5-4909-A229-6EC52417BB6B}.Release|Any CPU.Build.0 = Release|Any CPU
		{2A446826-7FCB-4D05-B92B-7999423B9DAE}.Debug|Any CPU.ActiveCfg = Debug|Any CPU
		{2A446826-7FCB-4D05-B92B-7999423B9DAE}.Debug|Any CPU.Build.0 = Debug|Any CPU
		{2A446826-7FCB-4D05-B92B-7999423B9DAE}.Release|Any CPU.ActiveCfg = Release|Any CPU
		{2A446826-7FCB-4D05-B92B-7999423B9DAE}.Release|Any CPU.Build.0 = Release|Any CPU
	EndGlobalSection
	GlobalSection(SolutionProperties) = preSolution
		HideSolutionNode = FALSE
	EndGlobalSection
	GlobalSection(NestedProjects) = preSolution
		{EA627703-5FB1-44FD-A862-8FECBFD929D2} = {AC5B0CAD-96C9-445D-BF7C-1A15B4A3F527}
	EndGlobalSection
	GlobalSection(ExtensibilityGlobals) = postSolution
		SolutionGuid = {80C9AC2C-589B-4193-928A-4EC0B5DA66FC}
	EndGlobalSection
EndGlobal
